
Microsoft Visual Studio Solution File, Format Version 12.00
# Visual Studio Version 17
VisualStudioVersion = 17.8.34322.80
MinimumVisualStudioVersion = 10.0.40219.1
Project("{FAE04EC0-301F-11D3-BF4B-00C04F79EFBC}") = "GUI", "GUI\GUI.csproj", "{D3ECAD7F-D7AD-49AC-9F59-B918F82E74A0}"
EndProject
Project("{FAE04EC0-301F-11D3-BF4B-00C04F79EFBC}") = "BIZ", "BIZ\BIZ.csproj", "{15F7F662-528E-4F03-8673-F7EDBAB8EAF6}"
EndProject
Project("{FAE04EC0-301F-11D3-BF4B-00C04F79EFBC}") = "Repository", "Repository\Repository.csproj", "{82EA776F-477B-487B-8067-1214F5E31A39}"
EndProject
Global
	GlobalSection(SolutionConfigurationPlatforms) = preSolution
		Debug|Any CPU = Debug|Any CPU
		Release|Any CPU = Release|Any CPU
	EndGlobalSection
	GlobalSection(ProjectConfigurationPlatforms) = postSolution
		{D3ECAD7F-D7AD-49AC-9F59-B918F82E74A0}.Debug|Any CPU.ActiveCfg = Debug|Any CPU
		{D3ECAD7F-D7AD-49AC-9F59-B918F82E74A0}.Debug|Any CPU.Build.0 = Debug|Any CPU
		{D3ECAD7F-D7AD-49AC-9F59-B918F82E74A0}.Release|Any CPU.ActiveCfg = Release|Any CPU
		{D3ECAD7F-D7AD-49AC-9F59-B918F82E74A0}.Release|Any CPU.Build.0 = Release|Any CPU
		{15F7F662-528E-4F03-8673-F7EDBAB8EAF6}.Debug|Any CPU.ActiveCfg = Debug|Any CPU
		{15F7F662-528E-4F03-8673-F7EDBAB8EAF6}.Debug|Any CPU.Build.0 = Debug|Any CPU
		{15F7F662-528E-4F03-8673-F7EDBAB8EAF6}.Release|Any CPU.ActiveCfg = Release|Any CPU
		{15F7F662-528E-4F03-8673-F7EDBAB8EAF6}.Release|Any CPU.Build.0 = Release|Any CPU
		{82EA776F-477B-487B-8067-1214F5E31A39}.Debug|Any CPU.ActiveCfg = Debug|Any CPU
		{82EA776F-477B-487B-8067-1214F5E31A39}.Debug|Any CPU.Build.0 = Debug|Any CPU
		{82EA776F-477B-487B-8067-1214F5E31A39}.Release|Any CPU.ActiveCfg = Release|Any CPU
		{82EA776F-477B-487B-8067-1214F5E31A39}.Release|Any CPU.Build.0 = Release|Any CPU
	EndGlobalSection
	GlobalSection(SolutionProperties) = preSolution
		HideSolutionNode = FALSE
	EndGlobalSection
	GlobalSection(ExtensibilityGlobals) = postSolution
		SolutionGuid = {D5115264-9082-430F-9F9E-82649F62C1E5}
	EndGlobalSection
EndGlobal
