
Microsoft Visual Studio Solution File, Format Version 12.00
# Visual Studio Version 17
VisualStudioVersion = 17.8.34322.80
MinimumVisualStudioVersion = 10.0.40219.1
Project("{FAE04EC0-301F-11D3-BF4B-00C04F79EFBC}") = "GUI", "GUI\GUI.csproj", "{F8DE4670-7FDA-4FDE-A5FC-602CF52378D3}"
EndProject
Project("{FAE04EC0-301F-11D3-BF4B-00C04F79EFBC}") = "BIZ", "BIZ\BIZ.csproj", "{42DDE7F6-09C0-439A-9E94-3496E42BE33A}"
EndProject
Global
	GlobalSection(SolutionConfigurationPlatforms) = preSolution
		Debug|Any CPU = Debug|Any CPU
		Release|Any CPU = Release|Any CPU
	EndGlobalSection
	GlobalSection(ProjectConfigurationPlatforms) = postSolution
		{F8DE4670-7FDA-4FDE-A5FC-602CF52378D3}.Debug|Any CPU.ActiveCfg = Debug|Any CPU
		{F8DE4670-7FDA-4FDE-A5FC-602CF52378D3}.Debug|Any CPU.Build.0 = Debug|Any CPU
		{F8DE4670-7FDA-4FDE-A5FC-602CF52378D3}.Release|Any CPU.ActiveCfg = Release|Any CPU
		{F8DE4670-7FDA-4FDE-A5FC-602CF52378D3}.Release|Any CPU.Build.0 = Release|Any CPU
		{42DDE7F6-09C0-439A-9E94-3496E42BE33A}.Debug|Any CPU.ActiveCfg = Debug|Any CPU
		{42DDE7F6-09C0-439A-9E94-3496E42BE33A}.Debug|Any CPU.Build.0 = Debug|Any CPU
		{42DDE7F6-09C0-439A-9E94-3496E42BE33A}.Release|Any CPU.ActiveCfg = Release|Any CPU
		{42DDE7F6-09C0-439A-9E94-3496E42BE33A}.Release|Any CPU.Build.0 = Release|Any CPU
	EndGlobalSection
	GlobalSection(SolutionProperties) = preSolution
		HideSolutionNode = FALSE
	EndGlobalSection
	GlobalSection(ExtensibilityGlobals) = postSolution
		SolutionGuid = {F331377E-FA40-4B8E-9BBB-DF7069C56A24}
	EndGlobalSection
EndGlobal
