
Microsoft Visual Studio Solution File, Format Version 12.00
# Visual Studio Version 16
VisualStudioVersion = 16.0.30413.136
MinimumVisualStudioVersion = 10.0.40219.1
Project("{FAE04EC0-301F-11D3-BF4B-00C04F79EFBC}") = "Opgaver", "Opgaver\Opgaver.csproj", "{E28E780A-FE3C-42DE-A6EB-C7218268C309}"
EndProject
Project("{FAE04EC0-301F-11D3-BF4B-00C04F79EFBC}") = "Klasser_i_C_sharp", "Klasser_i_C_sharp\Klasser_i_C_sharp.csproj", "{0874871A-5741-43C6-8AF4-1EE0833E6BD2}"
EndProject
Global
	GlobalSection(SolutionConfigurationPlatforms) = preSolution
		Debug|Any CPU = Debug|Any CPU
		Release|Any CPU = Release|Any CPU
	EndGlobalSection
	GlobalSection(ProjectConfigurationPlatforms) = postSolution
		{E28E780A-FE3C-42DE-A6EB-C7218268C309}.Debug|Any CPU.ActiveCfg = Debug|Any CPU
		{E28E780A-FE3C-42DE-A6EB-C7218268C309}.Debug|Any CPU.Build.0 = Debug|Any CPU
		{E28E780A-FE3C-42DE-A6EB-C7218268C309}.Release|Any CPU.ActiveCfg = Release|Any CPU
		{E28E780A-FE3C-42DE-A6EB-C7218268C309}.Release|Any CPU.Build.0 = Release|Any CPU
		{0874871A-5741-43C6-8AF4-1EE0833E6BD2}.Debug|Any CPU.ActiveCfg = Debug|Any CPU
		{0874871A-5741-43C6-8AF4-1EE0833E6BD2}.Debug|Any CPU.Build.0 = Debug|Any CPU
		{0874871A-5741-43C6-8AF4-1EE0833E6BD2}.Release|Any CPU.ActiveCfg = Release|Any CPU
		{0874871A-5741-43C6-8AF4-1EE0833E6BD2}.Release|Any CPU.Build.0 = Release|Any CPU
	EndGlobalSection
	GlobalSection(SolutionProperties) = preSolution
		HideSolutionNode = FALSE
	EndGlobalSection
	GlobalSection(ExtensibilityGlobals) = postSolution
		SolutionGuid = {10B55A57-BF6A-4AA0-AC4A-BB7121B01CEA}
	EndGlobalSection
EndGlobal
