
Microsoft Visual Studio Solution File, Format Version 12.00
# Visual Studio Version 17
VisualStudioVersion = 17.8.34330.188
MinimumVisualStudioVersion = 10.0.40219.1
Project("{FAE04EC0-301F-11D3-BF4B-00C04F79EFBC}") = "BIZ", "BIZ\BIZ.csproj", "{83C4C611-619C-4C75-A83B-201C1F4D23BF}"
EndProject
Project("{FAE04EC0-301F-11D3-BF4B-00C04F79EFBC}") = "IO", "IO\IO.csproj", "{3AD2EB53-9204-4F22-9BE4-6B982533989A}"
EndProject
Project("{FAE04EC0-301F-11D3-BF4B-00C04F79EFBC}") = "Repository", "Repository\Repository.csproj", "{66837D0B-4F13-4A4A-9840-68B91AC168B6}"
EndProject
Global
	GlobalSection(SolutionConfigurationPlatforms) = preSolution
		Debug|Any CPU = Debug|Any CPU
		Release|Any CPU = Release|Any CPU
	EndGlobalSection
	GlobalSection(ProjectConfigurationPlatforms) = postSolution
		{83C4C611-619C-4C75-A83B-201C1F4D23BF}.Debug|Any CPU.ActiveCfg = Debug|Any CPU
		{83C4C611-619C-4C75-A83B-201C1F4D23BF}.Debug|Any CPU.Build.0 = Debug|Any CPU
		{83C4C611-619C-4C75-A83B-201C1F4D23BF}.Release|Any CPU.ActiveCfg = Release|Any CPU
		{83C4C611-619C-4C75-A83B-201C1F4D23BF}.Release|Any CPU.Build.0 = Release|Any CPU
		{3AD2EB53-9204-4F22-9BE4-6B982533989A}.Debug|Any CPU.ActiveCfg = Debug|Any CPU
		{3AD2EB53-9204-4F22-9BE4-6B982533989A}.Debug|Any CPU.Build.0 = Debug|Any CPU
		{3AD2EB53-9204-4F22-9BE4-6B982533989A}.Release|Any CPU.ActiveCfg = Release|Any CPU
		{3AD2EB53-9204-4F22-9BE4-6B982533989A}.Release|Any CPU.Build.0 = Release|Any CPU
		{66837D0B-4F13-4A4A-9840-68B91AC168B6}.Debug|Any CPU.ActiveCfg = Debug|Any CPU
		{66837D0B-4F13-4A4A-9840-68B91AC168B6}.Debug|Any CPU.Build.0 = Debug|Any CPU
		{66837D0B-4F13-4A4A-9840-68B91AC168B6}.Release|Any CPU.ActiveCfg = Release|Any CPU
		{66837D0B-4F13-4A4A-9840-68B91AC168B6}.Release|Any CPU.Build.0 = Release|Any CPU
	EndGlobalSection
	GlobalSection(SolutionProperties) = preSolution
		HideSolutionNode = FALSE
	EndGlobalSection
	GlobalSection(ExtensibilityGlobals) = postSolution
		SolutionGuid = {40DA72D7-B051-49ED-9D00-271706579739}
	EndGlobalSection
EndGlobal
