
Microsoft Visual Studio Solution File, Format Version 12.00
# Visual Studio Version 17
VisualStudioVersion = 17.7.34221.43
MinimumVisualStudioVersion = 10.0.40219.1
Project("{FAE04EC0-301F-11D3-BF4B-00C04F79EFBC}") = "WpfAppIntroduktion", "WpfAppIntroduktion\WpfAppIntroduktion.csproj", "{5802744A-00D8-4172-934E-0D028EEB520A}"
EndProject
Global
	GlobalSection(SolutionConfigurationPlatforms) = preSolution
		Debug|Any CPU = Debug|Any CPU
		Release|Any CPU = Release|Any CPU
	EndGlobalSection
	GlobalSection(ProjectConfigurationPlatforms) = postSolution
		{5802744A-00D8-4172-934E-0D028EEB520A}.Debug|Any CPU.ActiveCfg = Debug|Any CPU
		{5802744A-00D8-4172-934E-0D028EEB520A}.Debug|Any CPU.Build.0 = Debug|Any CPU
		{5802744A-00D8-4172-934E-0D028EEB520A}.Release|Any CPU.ActiveCfg = Release|Any CPU
		{5802744A-00D8-4172-934E-0D028EEB520A}.Release|Any CPU.Build.0 = Release|Any CPU
	EndGlobalSection
	GlobalSection(SolutionProperties) = preSolution
		HideSolutionNode = FALSE
	EndGlobalSection
	GlobalSection(ExtensibilityGlobals) = postSolution
		SolutionGuid = {E297D958-EE70-4C21-B306-D2DC352AD90B}
	EndGlobalSection
EndGlobal
