
Microsoft Visual Studio Solution File, Format Version 12.00
# Visual Studio Version 17
VisualStudioVersion = 17.7.34221.43
MinimumVisualStudioVersion = 10.0.40219.1
Project("{FAE04EC0-301F-11D3-BF4B-00C04F79EFBC}") = "EX01HelloWorld", "EX01HelloWorld\EX01HelloWorld.csproj", "{B551852A-1CA4-4FD4-B089-9A03B1098BDD}"
EndProject
Global
	GlobalSection(SolutionConfigurationPlatforms) = preSolution
		Debug|Any CPU = Debug|Any CPU
		Release|Any CPU = Release|Any CPU
	EndGlobalSection
	GlobalSection(ProjectConfigurationPlatforms) = postSolution
		{B551852A-1CA4-4FD4-B089-9A03B1098BDD}.Debug|Any CPU.ActiveCfg = Debug|Any CPU
		{B551852A-1CA4-4FD4-B089-9A03B1098BDD}.Debug|Any CPU.Build.0 = Debug|Any CPU
		{B551852A-1CA4-4FD4-B089-9A03B1098BDD}.Release|Any CPU.ActiveCfg = Release|Any CPU
		{B551852A-1CA4-4FD4-B089-9A03B1098BDD}.Release|Any CPU.Build.0 = Release|Any CPU
	EndGlobalSection
	GlobalSection(SolutionProperties) = preSolution
		HideSolutionNode = FALSE
	EndGlobalSection
	GlobalSection(ExtensibilityGlobals) = postSolution
		SolutionGuid = {F516E734-CC12-4BBE-A629-4FE82158BF63}
	EndGlobalSection
EndGlobal
