
Microsoft Visual Studio Solution File, Format Version 12.00
# Visual Studio Version 17
VisualStudioVersion = 17.7.34221.43
MinimumVisualStudioVersion = 10.0.40219.1
Project("{FAE04EC0-301F-11D3-BF4B-00C04F79EFBC}") = "WPFTutorial", "WPFTutorial\WPFTutorial.csproj", "{9920A66C-2B74-42E4-BF5A-4C9232379ED3}"
EndProject
Global
	GlobalSection(SolutionConfigurationPlatforms) = preSolution
		Debug|Any CPU = Debug|Any CPU
		Release|Any CPU = Release|Any CPU
	EndGlobalSection
	GlobalSection(ProjectConfigurationPlatforms) = postSolution
		{9920A66C-2B74-42E4-BF5A-4C9232379ED3}.Debug|Any CPU.ActiveCfg = Debug|Any CPU
		{9920A66C-2B74-42E4-BF5A-4C9232379ED3}.Debug|Any CPU.Build.0 = Debug|Any CPU
		{9920A66C-2B74-42E4-BF5A-4C9232379ED3}.Release|Any CPU.ActiveCfg = Release|Any CPU
		{9920A66C-2B74-42E4-BF5A-4C9232379ED3}.Release|Any CPU.Build.0 = Release|Any CPU
	EndGlobalSection
	GlobalSection(SolutionProperties) = preSolution
		HideSolutionNode = FALSE
	EndGlobalSection
	GlobalSection(ExtensibilityGlobals) = postSolution
		SolutionGuid = {DB256521-8A6B-44DD-A9BC-FE4CF3DCCCC3}
	EndGlobalSection
EndGlobal
